
Microsoft Visual Studio Solution File, Format Version 10.00
# Visual C++ Express 2008
Project("{8BC9CEB8-8B4A-11D0-8D11-00A0C91BC942}") = "pokusajOS", "pokusajOS\pokusajOS.vcproj", "{2C599D08-776F-4D74-90F5-EF20B6D602C4}"
EndProject
Global
	GlobalSection(SolutionConfigurationPlatforms) = preSolution
		Debug|Win32 = Debug|Win32
		Release|Win32 = Release|Win32
	EndGlobalSection
	GlobalSection(ProjectConfigurationPlatforms) = postSolution
		{2C599D08-776F-4D74-90F5-EF20B6D602C4}.Debug|Win32.ActiveCfg = Debug|Win32
		{2C599D08-776F-4D74-90F5-EF20B6D602C4}.Debug|Win32.Build.0 = Debug|Win32
		{2C599D08-776F-4D74-90F5-EF20B6D602C4}.Release|Win32.ActiveCfg = Release|Win32
		{2C599D08-776F-4D74-90F5-EF20B6D602C4}.Release|Win32.Build.0 = Release|Win32
	EndGlobalSection
	GlobalSection(SolutionProperties) = preSolution
		HideSolutionNode = FALSE
	EndGlobalSection
EndGlobal
